
Microsoft Visual Studio Solution File, Format Version 12.00
# Visual Studio Version 16
VisualStudioVersion = 16.0.33027.164
MinimumVisualStudioVersion = 10.0.40219.1
Project("{8BC9CEB8-8B4A-11D0-8D11-00A0C91BC942}") = "Project1", "Project1\Project1.vcxproj", "{910AF11F-99E5-4DE8-938A-84853AAA109C}"
EndProject
Project("{8BC9CEB8-8B4A-11D0-8D11-00A0C91BC942}") = "Project2", "Project2\Project2.vcxproj", "{E96881F0-A5DF-4B1B-B041-D2F4540735D5}"
EndProject
Project("{8BC9CEB8-8B4A-11D0-8D11-00A0C91BC942}") = "Project3", "Project3\Project3.vcxproj", "{5951A7E0-4D98-4DA2-BE22-BF9C6754390B}"
EndProject
Global
	GlobalSection(SolutionConfigurationPlatforms) = preSolution
		Debug|x64 = Debug|x64
		Debug|x86 = Debug|x86
		Release|x64 = Release|x64
		Release|x86 = Release|x86
	EndGlobalSection
	GlobalSection(ProjectConfigurationPlatforms) = postSolution
		{910AF11F-99E5-4DE8-938A-84853AAA109C}.Debug|x64.ActiveCfg = Debug|x64
		{910AF11F-99E5-4DE8-938A-84853AAA109C}.Debug|x64.Build.0 = Debug|x64
		{910AF11F-99E5-4DE8-938A-84853AAA109C}.Debug|x86.ActiveCfg = Debug|Win32
		{910AF11F-99E5-4DE8-938A-84853AAA109C}.Debug|x86.Build.0 = Debug|Win32
		{910AF11F-99E5-4DE8-938A-84853AAA109C}.Release|x64.ActiveCfg = Release|x64
		{910AF11F-99E5-4DE8-938A-84853AAA109C}.Release|x64.Build.0 = Release|x64
		{910AF11F-99E5-4DE8-938A-84853AAA109C}.Release|x86.ActiveCfg = Release|Win32
		{910AF11F-99E5-4DE8-938A-84853AAA109C}.Release|x86.Build.0 = Release|Win32
		{E96881F0-A5DF-4B1B-B041-D2F4540735D5}.Debug|x64.ActiveCfg = Debug|x64
		{E96881F0-A5DF-4B1B-B041-D2F4540735D5}.Debug|x64.Build.0 = Debug|x64
		{E96881F0-A5DF-4B1B-B041-D2F4540735D5}.Debug|x86.ActiveCfg = Debug|Win32
		{E96881F0-A5DF-4B1B-B041-D2F4540735D5}.Debug|x86.Build.0 = Debug|Win32
		{E96881F0-A5DF-4B1B-B041-D2F4540735D5}.Release|x64.ActiveCfg = Release|x64
		{E96881F0-A5DF-4B1B-B041-D2F4540735D5}.Release|x64.Build.0 = Release|x64
		{E96881F0-A5DF-4B1B-B041-D2F4540735D5}.Release|x86.ActiveCfg = Release|Win32
		{E96881F0-A5DF-4B1B-B041-D2F4540735D5}.Release|x86.Build.0 = Release|Win32
		{5951A7E0-4D98-4DA2-BE22-BF9C6754390B}.Debug|x64.ActiveCfg = Debug|x64
		{5951A7E0-4D98-4DA2-BE22-BF9C6754390B}.Debug|x64.Build.0 = Debug|x64
		{5951A7E0-4D98-4DA2-BE22-BF9C6754390B}.Debug|x86.ActiveCfg = Debug|Win32
		{5951A7E0-4D98-4DA2-BE22-BF9C6754390B}.Debug|x86.Build.0 = Debug|Win32
		{5951A7E0-4D98-4DA2-BE22-BF9C6754390B}.Release|x64.ActiveCfg = Release|x64
		{5951A7E0-4D98-4DA2-BE22-BF9C6754390B}.Release|x64.Build.0 = Release|x64
		{5951A7E0-4D98-4DA2-BE22-BF9C6754390B}.Release|x86.ActiveCfg = Release|Win32
		{5951A7E0-4D98-4DA2-BE22-BF9C6754390B}.Release|x86.Build.0 = Release|Win32
	EndGlobalSection
	GlobalSection(SolutionProperties) = preSolution
		HideSolutionNode = FALSE
	EndGlobalSection
	GlobalSection(ExtensibilityGlobals) = postSolution
		SolutionGuid = {908C4948-F21F-4A06-B43E-3F337C4ED433}
	EndGlobalSection
EndGlobal
